<?xml version="1.0" encoding="utf-8"?>
<Project ToolsVersion="17.0" xmlns="http://schemas.microsoft.com/developer/msbuild/2003">
  <ItemGroup>
    <ClCompile Include="F:\SuperAnimalHack\Source\Core\App.cpp">
      <Filter>Source Files</Filter>
    </ClCompile>
    <ClCompile Include="F:\SuperAnimalHack\Source\Core\Hooks\HooksManager.cpp">
      <Filter>Source Files</Filter>
    </ClCompile>
    <ClCompile Include="F:\SuperAnimalHack\Source\Core\Logging\LogManager.cpp">
      <Filter>Source Files</Filter>
    </ClCompile>
    <ClCompile Include="F:\SuperAnimalHack\Source\Core\Memory\NopBuffer.cpp">
      <Filter>Source Files</Filter>
    </ClCompile>
    <ClCompile Include="F:\SuperAnimalHack\Source\Core\Modules\ModulesManager.cpp">
      <Filter>Source Files</Filter>
    </ClCompile>
    <ClCompile Include="F:\SuperAnimalHack\Source\DllMain.cpp">
      <Filter>Source Files</Filter>
    </ClCompile>
    <ClCompile Include="F:\SuperAnimalHack\Source\Features\Bunnyhop\Bunnyhop.cpp">
      <Filter>Source Files</Filter>
    </ClCompile>
    <ClCompile Include="F:\SuperAnimalHack\Source\Features\Camera\CameraModule.cpp">
      <Filter>Source Files</Filter>
    </ClCompile>
    <ClCompile Include="F:\SuperAnimalHack\Source\Features\ESP\EspModule.cpp">
      <Filter>Source Files</Filter>
    </ClCompile>
    <ClCompile Include="F:\SuperAnimalHack\Source\Features\NoRecoil\NoRecoil.cpp">
      <Filter>Source Files</Filter>
    </ClCompile>
    <ClCompile Include="F:\SuperAnimalHack\Source\Features\SpeedHack\Speedhack.cpp">
      <Filter>Source Files</Filter>
    </ClCompile>
    <ClCompile Include="F:\SuperAnimalHack\Source\main.cpp">
      <Filter>Source Files</Filter>
    </ClCompile>
    <ClCompile Include="F:\SuperAnimalHack\Deps\MinHook\src\buffer.c">
      <Filter>Source Files</Filter>
    </ClCompile>
    <ClCompile Include="F:\SuperAnimalHack\Deps\MinHook\src\hook.c">
      <Filter>Source Files</Filter>
    </ClCompile>
    <ClCompile Include="F:\SuperAnimalHack\Deps\MinHook\src\trampoline.c">
      <Filter>Source Files</Filter>
    </ClCompile>
    <ClCompile Include="F:\SuperAnimalHack\Deps\MinHook\src\hde\hde32.c">
      <Filter>Source Files</Filter>
    </ClCompile>
    <ClCompile Include="F:\SuperAnimalHack\Deps\MinHook\src\hde\hde64.c">
      <Filter>Source Files</Filter>
    </ClCompile>
    <ClCompile Include="F:\SuperAnimalHack\Deps\ImGui\imgui.cpp">
      <Filter>Source Files</Filter>
    </ClCompile>
    <ClCompile Include="F:\SuperAnimalHack\Deps\ImGui\imgui_demo.cpp">
      <Filter>Source Files</Filter>
    </ClCompile>
    <ClCompile Include="F:\SuperAnimalHack\Deps\ImGui\imgui_draw.cpp">
      <Filter>Source Files</Filter>
    </ClCompile>
    <ClCompile Include="F:\SuperAnimalHack\Deps\ImGui\imgui_impl_dx11.cpp">
      <Filter>Source Files</Filter>
    </ClCompile>
    <ClCompile Include="F:\SuperAnimalHack\Deps\ImGui\imgui_impl_win32.cpp">
      <Filter>Source Files</Filter>
    </ClCompile>
    <ClCompile Include="F:\SuperAnimalHack\Deps\ImGui\imgui_stdlib.cpp">
      <Filter>Source Files</Filter>
    </ClCompile>
    <ClCompile Include="F:\SuperAnimalHack\Deps\ImGui\imgui_tables.cpp">
      <Filter>Source Files</Filter>
    </ClCompile>
    <ClCompile Include="F:\SuperAnimalHack\Deps\ImGui\imgui_widgets.cpp">
      <Filter>Source Files</Filter>
    </ClCompile>
    <ClCompile Include="Source\Features\Aimbot\Aimbot.cpp">
      <Filter>Source Files</Filter>
    </ClCompile>
  </ItemGroup>
  <ItemGroup>
    <ClInclude Include="F:\SuperAnimalHack\Source\Core\App.hpp">
      <Filter>Header Files</Filter>
    </ClInclude>
    <ClInclude Include="F:\SuperAnimalHack\Source\Core\Config\Config.hpp">
      <Filter>Header Files</Filter>
    </ClInclude>
    <ClInclude Include="F:\SuperAnimalHack\Source\Core\GameStructs\GameStructs.hpp">
      <Filter>Header Files</Filter>
    </ClInclude>
    <ClInclude Include="F:\SuperAnimalHack\Source\Core\Hooks\HooksDefinitions.hpp">
      <Filter>Header Files</Filter>
    </ClInclude>
    <ClInclude Include="F:\SuperAnimalHack\Source\Core\Hooks\HooksImplementations.hpp">
      <Filter>Header Files</Filter>
    </ClInclude>
    <ClInclude Include="F:\SuperAnimalHack\Source\Core\Hooks\HooksManager.hpp">
      <Filter>Header Files</Filter>
    </ClInclude>
    <ClInclude Include="F:\SuperAnimalHack\Source\Core\Logging\LogManager.hpp">
      <Filter>Header Files</Filter>
    </ClInclude>
    <ClInclude Include="F:\SuperAnimalHack\Source\Core\Math\Utils.hpp">
      <Filter>Header Files</Filter>
    </ClInclude>
    <ClInclude Include="F:\SuperAnimalHack\Source\Core\Math\Vectors.hpp">
      <Filter>Header Files</Filter>
    </ClInclude>
    <ClInclude Include="F:\SuperAnimalHack\Source\Core\Memory\NopBuffer.hpp">
      <Filter>Header Files</Filter>
    </ClInclude>
    <ClInclude Include="F:\SuperAnimalHack\Source\Core\Modules\ModuleBase.hpp">
      <Filter>Header Files</Filter>
    </ClInclude>
    <ClInclude Include="F:\SuperAnimalHack\Source\Core\Modules\ModulesManager.hpp">
      <Filter>Header Files</Filter>
    </ClInclude>
    <ClInclude Include="F:\SuperAnimalHack\Source\Features\Bunnyhop\Bunnyhop.hpp">
      <Filter>Header Files</Filter>
    </ClInclude>
    <ClInclude Include="F:\SuperAnimalHack\Source\Features\Camera\CameraModule.hpp">
      <Filter>Header Files</Filter>
    </ClInclude>
    <ClInclude Include="F:\SuperAnimalHack\Source\Features\ESP\EspModule.hpp">
      <Filter>Header Files</Filter>
    </ClInclude>
    <ClInclude Include="F:\SuperAnimalHack\Source\Features\NoRecoil\NoRecoil.hpp">
      <Filter>Header Files</Filter>
    </ClInclude>
    <ClInclude Include="F:\SuperAnimalHack\Source\Features\SpeedHack\Speedhack.hpp">
      <Filter>Header Files</Filter>
    </ClInclude>
    <ClInclude Include="F:\SuperAnimalHack\Source\main.hpp">
      <Filter>Header Files</Filter>
    </ClInclude>
    <ClInclude Include="F:\SuperAnimalHack\Deps\MinHook\src\buffer.h">
      <Filter>Header Files</Filter>
    </ClInclude>
    <ClInclude Include="F:\SuperAnimalHack\Deps\MinHook\src\trampoline.h">
      <Filter>Header Files</Filter>
    </ClInclude>
    <ClInclude Include="F:\SuperAnimalHack\Deps\MinHook\src\hde\hde32.h">
      <Filter>Header Files</Filter>
    </ClInclude>
    <ClInclude Include="F:\SuperAnimalHack\Deps\MinHook\src\hde\hde64.h">
      <Filter>Header Files</Filter>
    </ClInclude>
    <ClInclude Include="F:\SuperAnimalHack\Deps\MinHook\src\hde\pstdint.h">
      <Filter>Header Files</Filter>
    </ClInclude>
    <ClInclude Include="F:\SuperAnimalHack\Deps\MinHook\src\hde\table32.h">
      <Filter>Header Files</Filter>
    </ClInclude>
    <ClInclude Include="F:\SuperAnimalHack\Deps\MinHook\src\hde\table64.h">
      <Filter>Header Files</Filter>
    </ClInclude>
    <ClInclude Include="F:\SuperAnimalHack\Deps\ImGui\imconfig.h">
      <Filter>Header Files</Filter>
    </ClInclude>
    <ClInclude Include="F:\SuperAnimalHack\Deps\ImGui\imgui.h">
      <Filter>Header Files</Filter>
    </ClInclude>
    <ClInclude Include="F:\SuperAnimalHack\Deps\ImGui\imgui_impl_dx11.h">
      <Filter>Header Files</Filter>
    </ClInclude>
    <ClInclude Include="F:\SuperAnimalHack\Deps\ImGui\imgui_impl_win32.h">
      <Filter>Header Files</Filter>
    </ClInclude>
    <ClInclude Include="F:\SuperAnimalHack\Deps\ImGui\imgui_internal.h">
      <Filter>Header Files</Filter>
    </ClInclude>
    <ClInclude Include="F:\SuperAnimalHack\Deps\ImGui\imgui_stdlib.h">
      <Filter>Header Files</Filter>
    </ClInclude>
    <ClInclude Include="F:\SuperAnimalHack\Deps\ImGui\imstb_rectpack.h">
      <Filter>Header Files</Filter>
    </ClInclude>
    <ClInclude Include="F:\SuperAnimalHack\Deps\ImGui\imstb_textedit.h">
      <Filter>Header Files</Filter>
    </ClInclude>
    <ClInclude Include="F:\SuperAnimalHack\Deps\ImGui\imstb_truetype.h">
      <Filter>Header Files</Filter>
    </ClInclude>
  </ItemGroup>
  <ItemGroup>
    <CustomBuild Include="F:\SuperAnimalHack\CMakeLists.txt" />
  </ItemGroup>
  <ItemGroup>
    <Natvis Include="F:\SuperAnimalHack\Deps\json-develop\nlohmann_json.natvis" />
  </ItemGroup>
  <ItemGroup>
    <Filter Include="Header Files">
      <UniqueIdentifier>{B54006D1-9833-387A-9870-F63EB45D482A}</UniqueIdentifier>
    </Filter>
    <Filter Include="Source Files">
      <UniqueIdentifier>{72BB5C07-298E-3B3F-81EF-1B4BC3E3E5D7}</UniqueIdentifier>
    </Filter>
  </ItemGroup>
</Project>